// !$*UTF8*$!
{
	archiveVersion = 1;
	classes = {
	};
	objectVersion = 46;
	objects = {

/* Begin PBXBuildFile section */
		160B4D8E15E67C220024AD28 /* Icon.png in Resources */ = {isa = PBXBuildFile; fileRef = 160B4D8D15E67C220024AD28 /* Icon.png */; };
		164B8ADB15DDBD1D0074D85E /* UIKit.framework in Frameworks */ = {isa = PBXBuildFile; fileRef = 164B8ADA15DDBD1D0074D85E /* UIKit.framework */; };
		164B8ADD15DDBD1D0074D85E /* Foundation.framework in Frameworks */ = {isa = PBXBuildFile; fileRef = 164B8ADC15DDBD1D0074D85E /* Foundation.framework */; };
		164B8ADF15DDBD1D0074D85E /* CoreGraphics.framework in Frameworks */ = {isa = PBXBuildFile; fileRef = 164B8ADE15DDBD1D0074D85E /* CoreGraphics.framework */; };
		164B8AE515DDBD1D0074D85E /* InfoPlist.strings in Resources */ = {isa = PBXBuildFile; fileRef = 164B8AE315DDBD1D0074D85E /* InfoPlist.strings */; };
		164B8AE715DDBD1D0074D85E /* main.m in Sources */ = {isa = PBXBuildFile; fileRef = 164B8AE615DDBD1D0074D85E /* main.m */; };
		164B8AEB15DDBD1D0074D85E /* RLHAppDelegate.m in Sources */ = {isa = PBXBuildFile; fileRef = 164B8AEA15DDBD1D0074D85E /* RLHAppDelegate.m */; };
		164B8AEE15DDBD1D0074D85E /* RLHViewController.m in Sources */ = {isa = PBXBuildFile; fileRef = 164B8AED15DDBD1D0074D85E /* RLHViewController.m */; };
		164B8AF115DDBD1D0074D85E /* RLHViewController.xib in Resources */ = {isa = PBXBuildFile; fileRef = 164B8AEF15DDBD1D0074D85E /* RLHViewController.xib */; };
		164B8AFD15DDC06F0074D85E /* RLHWeightInputViewController.m in Sources */ = {isa = PBXBuildFile; fileRef = 164B8AFB15DDC06F0074D85E /* RLHWeightInputViewController.m */; };
		164B8AFE15DDC06F0074D85E /* RLHWeightInputViewController.xib in Resources */ = {isa = PBXBuildFile; fileRef = 164B8AFC15DDC06F0074D85E /* RLHWeightInputViewController.xib */; };
		164B8B0715DDCD9E0074D85E /* CoreLocation.framework in Frameworks */ = {isa = PBXBuildFile; fileRef = 164B8B0615DDCD9E0074D85E /* CoreLocation.framework */; };
		164B8B0915DDDED20074D85E /* fells_loop.gpx in Resources */ = {isa = PBXBuildFile; fileRef = 164B8B0815DDDED20074D85E /* fells_loop.gpx */; };
/* End PBXBuildFile section */

/* Begin PBXFileReference section */
		160B4D8D15E67C220024AD28 /* Icon.png */ = {isa = PBXFileReference; lastKnownFileType = image.png; path = Icon.png; sourceTree = "<group>"; };
		164B8AD615DDBD1D0074D85E /* RunLikeHell.app */ = {isa = PBXFileReference; explicitFileType = wrapper.application; includeInIndex = 0; path = RunLikeHell.app; sourceTree = BUILT_PRODUCTS_DIR; };
		164B8ADA15DDBD1D0074D85E /* UIKit.framework */ = {isa = PBXFileReference; lastKnownFileType = wrapper.framework; name = UIKit.framework; path = System/Library/Frameworks/UIKit.framework; sourceTree = SDKROOT; };
		164B8ADC15DDBD1D0074D85E /* Foundation.framework */ = {isa = PBXFileReference; lastKnownFileType = wrapper.framework; name = Foundation.framework; path = System/Library/Frameworks/Foundation.framework; sourceTree = SDKROOT; };
		164B8ADE15DDBD1D0074D85E /* CoreGraphics.framework */ = {isa = PBXFileReference; lastKnownFileType = wrapper.framework; name = CoreGraphics.framework; path = System/Library/Frameworks/CoreGraphics.framework; sourceTree = SDKROOT; };
		164B8AE215DDBD1D0074D85E /* RunLikeHell-Info.plist */ = {isa = PBXFileReference; lastKnownFileType = text.plist.xml; path = "RunLikeHell-Info.plist"; sourceTree = "<group>"; };
		164B8AE415DDBD1D0074D85E /* en */ = {isa = PBXFileReference; lastKnownFileType = text.plist.strings; name = en; path = en.lproj/InfoPlist.strings; sourceTree = "<group>"; };
		164B8AE615DDBD1D0074D85E /* main.m */ = {isa = PBXFileReference; lastKnownFileType = sourcecode.c.objc; path = main.m; sourceTree = "<group>"; };
		164B8AE815DDBD1D0074D85E /* RunLikeHell-Prefix.pch */ = {isa = PBXFileReference; lastKnownFileType = sourcecode.c.h; path = "RunLikeHell-Prefix.pch"; sourceTree = "<group>"; };
		164B8AE915DDBD1D0074D85E /* RLHAppDelegate.h */ = {isa = PBXFileReference; lastKnownFileType = sourcecode.c.h; path = RLHAppDelegate.h; sourceTree = "<group>"; };
		164B8AEA15DDBD1D0074D85E /* RLHAppDelegate.m */ = {isa = PBXFileReference; lastKnownFileType = sourcecode.c.objc; path = RLHAppDelegate.m; sourceTree = "<group>"; };
		164B8AEC15DDBD1D0074D85E /* RLHViewController.h */ = {isa = PBXFileReference; lastKnownFileType = sourcecode.c.h; path = RLHViewController.h; sourceTree = "<group>"; };
		164B8AED15DDBD1D0074D85E /* RLHViewController.m */ = {isa = PBXFileReference; lastKnownFileType = sourcecode.c.objc; path = RLHViewController.m; sourceTree = "<group>"; };
		164B8AF015DDBD1D0074D85E /* en */ = {isa = PBXFileReference; lastKnownFileType = file.xib; name = en; path = en.lproj/RLHViewController.xib; sourceTree = "<group>"; };
		164B8AFA15DDC06F0074D85E /* RLHWeightInputViewController.h */ = {isa = PBXFileReference; fileEncoding = 4; lastKnownFileType = sourcecode.c.h; path = RLHWeightInputViewController.h; sourceTree = "<group>"; };
		164B8AFB15DDC06F0074D85E /* RLHWeightInputViewController.m */ = {isa = PBXFileReference; fileEncoding = 4; lastKnownFileType = sourcecode.c.objc; path = RLHWeightInputViewController.m; sourceTree = "<group>"; };
		164B8AFC15DDC06F0074D85E /* RLHWeightInputViewController.xib */ = {isa = PBXFileReference; fileEncoding = 4; lastKnownFileType = file.xib; path = RLHWeightInputViewController.xib; sourceTree = "<group>"; };
		164B8B0615DDCD9E0074D85E /* CoreLocation.framework */ = {isa = PBXFileReference; lastKnownFileType = wrapper.framework; name = CoreLocation.framework; path = System/Library/Frameworks/CoreLocation.framework; sourceTree = SDKROOT; };
		164B8B0815DDDED20074D85E /* fells_loop.gpx */ = {isa = PBXFileReference; fileEncoding = 4; lastKnownFileType = text.xml; name = fells_loop.gpx; path = ../../../../Downloads/fells_loop.gpx; sourceTree = "<group>"; };
/* End PBXFileReference section */

/* Begin PBXFrameworksBuildPhase section */
		164B8AD315DDBD1D0074D85E /* Frameworks */ = {
			isa = PBXFrameworksBuildPhase;
			buildActionMask = 2147483647;
			files = (
				164B8B0715DDCD9E0074D85E /* CoreLocation.framework in Frameworks */,
				164B8ADB15DDBD1D0074D85E /* UIKit.framework in Frameworks */,
				164B8ADD15DDBD1D0074D85E /* Foundation.framework in Frameworks */,
				164B8ADF15DDBD1D0074D85E /* CoreGraphics.framework in Frameworks */,
			);
			runOnlyForDeploymentPostprocessing = 0;
		};
/* End PBXFrameworksBuildPhase section */

/* Begin PBXGroup section */
		164B8ACB15DDBD1D0074D85E = {
			isa = PBXGroup;
			children = (
				160B4D8D15E67C220024AD28 /* Icon.png */,
				164B8B0815DDDED20074D85E /* fells_loop.gpx */,
				164B8AE015DDBD1D0074D85E /* RunLikeHell */,
				164B8AD915DDBD1D0074D85E /* Frameworks */,
				164B8AD715DDBD1D0074D85E /* Products */,
			);
			sourceTree = "<group>";
		};
		164B8AD715DDBD1D0074D85E /* Products */ = {
			isa = PBXGroup;
			children = (
				164B8AD615DDBD1D0074D85E /* RunLikeHell.app */,
			);
			name = Products;
			sourceTree = "<group>";
		};
		164B8AD915DDBD1D0074D85E /* Frameworks */ = {
			isa = PBXGroup;
			children = (
				164B8B0615DDCD9E0074D85E /* CoreLocation.framework */,
				164B8ADA15DDBD1D0074D85E /* UIKit.framework */,
				164B8ADC15DDBD1D0074D85E /* Foundation.framework */,
				164B8ADE15DDBD1D0074D85E /* CoreGraphics.framework */,
			);
			name = Frameworks;
			sourceTree = "<group>";
		};
		164B8AE015DDBD1D0074D85E /* RunLikeHell */ = {
			isa = PBXGroup;
			children = (
				164B8AE915DDBD1D0074D85E /* RLHAppDelegate.h */,
				164B8AEA15DDBD1D0074D85E /* RLHAppDelegate.m */,
				164B8AEC15DDBD1D0074D85E /* RLHViewController.h */,
				164B8AED15DDBD1D0074D85E /* RLHViewController.m */,
				164B8AEF15DDBD1D0074D85E /* RLHViewController.xib */,
				164B8AFA15DDC06F0074D85E /* RLHWeightInputViewController.h */,
				164B8AFB15DDC06F0074D85E /* RLHWeightInputViewController.m */,
				164B8AFC15DDC06F0074D85E /* RLHWeightInputViewController.xib */,
				164B8AE115DDBD1D0074D85E /* Supporting Files */,
			);
			path = RunLikeHell;
			sourceTree = "<group>";
		};
		164B8AE115DDBD1D0074D85E /* Supporting Files */ = {
			isa = PBXGroup;
			children = (
				164B8AE215DDBD1D0074D85E /* RunLikeHell-Info.plist */,
				164B8AE315DDBD1D0074D85E /* InfoPlist.strings */,
				164B8AE615DDBD1D0074D85E /* main.m */,
				164B8AE815DDBD1D0074D85E /* RunLikeHell-Prefix.pch */,
			);
			name = "Supporting Files";
			sourceTree = "<group>";
		};
/* End PBXGroup section */

/* Begin PBXNativeTarget section */
		164B8AD515DDBD1D0074D85E /* RunLikeHell */ = {
			isa = PBXNativeTarget;
			buildConfigurationList = 164B8AF415DDBD1D0074D85E /* Build configuration list for PBXNativeTarget "RunLikeHell" */;
			buildPhases = (
				164B8AD215DDBD1D0074D85E /* Sources */,
				164B8AD315DDBD1D0074D85E /* Frameworks */,
				164B8AD415DDBD1D0074D85E /* Resources */,
			);
			buildRules = (
			);
			dependencies = (
			);
			name = RunLikeHell;
			productName = RunLikeHell;
			productReference = 164B8AD615DDBD1D0074D85E /* RunLikeHell.app */;
			productType = "com.apple.product-type.application";
		};
/* End PBXNativeTarget section */

/* Begin PBXProject section */
		164B8ACD15DDBD1D0074D85E /* Project object */ = {
			isa = PBXProject;
			attributes = {
				CLASSPREFIX = RLH;
				LastUpgradeCheck = 0440;
				ORGANIZATIONNAME = "Kris Fields";
			};
			buildConfigurationList = 164B8AD015DDBD1D0074D85E /* Build configuration list for PBXProject "RunLikeHell" */;
			compatibilityVersion = "Xcode 3.2";
			developmentRegion = English;
			hasScannedForEncodings = 0;
			knownRegions = (
				en,
			);
			mainGroup = 164B8ACB15DDBD1D0074D85E;
			productRefGroup = 164B8AD715DDBD1D0074D85E /* Products */;
			projectDirPath = "";
			projectRoot = "";
			targets = (
				164B8AD515DDBD1D0074D85E /* RunLikeHell */,
			);
		};
/* End PBXProject section */

/* Begin PBXResourcesBuildPhase section */
		164B8AD415DDBD1D0074D85E /* Resources */ = {
			isa = PBXResourcesBuildPhase;
			buildActionMask = 2147483647;
			files = (
				164B8AE515DDBD1D0074D85E /* InfoPlist.strings in Resources */,
				164B8AF115DDBD1D0074D85E /* RLHViewController.xib in Resources */,
				164B8AFE15DDC06F0074D85E /* RLHWeightInputViewController.xib in Resources */,
				164B8B0915DDDED20074D85E /* fells_loop.gpx in Resources */,
				160B4D8E15E67C220024AD28 /* Icon.png in Resources */,
			);
			runOnlyForDeploymentPostprocessing = 0;
		};
/* End PBXResourcesBuildPhase section */

/* Begin PBXSourcesBuildPhase section */
		164B8AD215DDBD1D0074D85E /* Sources */ = {
			isa = PBXSourcesBuildPhase;
			buildActionMask = 2147483647;
			files = (
				164B8AE715DDBD1D0074D85E /* main.m in Sources */,
				164B8AEB15DDBD1D0074D85E /* RLHAppDelegate.m in Sources */,
				164B8AEE15DDBD1D0074D85E /* RLHViewController.m in Sources */,
				164B8AFD15DDC06F0074D85E /* RLHWeightInputViewController.m in Sources */,
			);
			runOnlyForDeploymentPostprocessing = 0;
		};
/* End PBXSourcesBuildPhase section */

/* Begin PBXVariantGroup section */
		164B8AE315DDBD1D0074D85E /* InfoPlist.strings */ = {
			isa = PBXVariantGroup;
			children = (
				164B8AE415DDBD1D0074D85E /* en */,
			);
			name = InfoPlist.strings;
			sourceTree = "<group>";
		};
		164B8AEF15DDBD1D0074D85E /* RLHViewController.xib */ = {
			isa = PBXVariantGroup;
			children = (
				164B8AF015DDBD1D0074D85E /* en */,
			);
			name = RLHViewController.xib;
			sourceTree = "<group>";
		};
/* End PBXVariantGroup section */

/* Begin XCBuildConfiguration section */
		164B8AF215DDBD1D0074D85E /* Debug */ = {
			isa = XCBuildConfiguration;
			buildSettings = {
				ALWAYS_SEARCH_USER_PATHS = NO;
				ARCHS = "$(ARCHS_STANDARD_32_BIT)";
				CLANG_CXX_LANGUAGE_STANDARD = "gnu++0x";
				CLANG_ENABLE_OBJC_ARC = YES;
				CLANG_WARN__DUPLICATE_METHOD_MATCH = YES;
				"CODE_SIGN_IDENTITY[sdk=iphoneos*]" = "iPhone Developer";
				COPY_PHASE_STRIP = NO;
				GCC_C_LANGUAGE_STANDARD = gnu99;
				GCC_DYNAMIC_NO_PIC = NO;
				GCC_OPTIMIZATION_LEVEL = 0;
				GCC_PREPROCESSOR_DEFINITIONS = (
					"DEBUG=1",
					"$(inherited)",
				);
				GCC_SYMBOLS_PRIVATE_EXTERN = NO;
				GCC_VERSION = com.apple.compilers.llvm.clang.1_0;
				GCC_WARN_ABOUT_RETURN_TYPE = YES;
				GCC_WARN_UNINITIALIZED_AUTOS = YES;
				GCC_WARN_UNUSED_VARIABLE = YES;
				IPHONEOS_DEPLOYMENT_TARGET = 5.1;
				SDKROOT = iphoneos;
			};
			name = Debug;
		};
		164B8AF315DDBD1D0074D85E /* Release */ = {
			isa = XCBuildConfiguration;
			buildSettings = {
				ALWAYS_SEARCH_USER_PATHS = NO;
				ARCHS = "$(ARCHS_STANDARD_32_BIT)";
				CLANG_CXX_LANGUAGE_STANDARD = "gnu++0x";
				CLANG_ENABLE_OBJC_ARC = YES;
				CLANG_WARN__DUPLICATE_METHOD_MATCH = YES;
				"CODE_SIGN_IDENTITY[sdk=iphoneos*]" = "iPhone Developer";
				COPY_PHASE_STRIP = YES;
				GCC_C_LANGUAGE_STANDARD = gnu99;
				GCC_VERSION = com.apple.compilers.llvm.clang.1_0;
				GCC_WARN_ABOUT_RETURN_TYPE = YES;
				GCC_WARN_UNINITIALIZED_AUTOS = YES;
				GCC_WARN_UNUSED_VARIABLE = YES;
				IPHONEOS_DEPLOYMENT_TARGET = 5.1;
				OTHER_CFLAGS = "-DNS_BLOCK_ASSERTIONS=1";
				SDKROOT = iphoneos;
				VALIDATE_PRODUCT = YES;
			};
			name = Release;
		};
		164B8AF515DDBD1D0074D85E /* Debug */ = {
			isa = XCBuildConfiguration;
			buildSettings = {
				GCC_PRECOMPILE_PREFIX_HEADER = YES;
				GCC_PREFIX_HEADER = "RunLikeHell/RunLikeHell-Prefix.pch";
				INFOPLIST_FILE = "RunLikeHell/RunLikeHell-Info.plist";
				PRODUCT_NAME = "$(TARGET_NAME)";
				WRAPPER_EXTENSION = app;
			};
			name = Debug;
		};
		164B8AF615DDBD1D0074D85E /* Release */ = {
			isa = XCBuildConfiguration;
			buildSettings = {
				GCC_PRECOMPILE_PREFIX_HEADER = YES;
				GCC_PREFIX_HEADER = "RunLikeHell/RunLikeHell-Prefix.pch";
				INFOPLIST_FILE = "RunLikeHell/RunLikeHell-Info.plist";
				PRODUCT_NAME = "$(TARGET_NAME)";
				WRAPPER_EXTENSION = app;
			};
			name = Release;
		};
/* End XCBuildConfiguration section */

/* Begin XCConfigurationList section */
		164B8AD015DDBD1D0074D85E /* Build configuration list for PBXProject "RunLikeHell" */ = {
			isa = XCConfigurationList;
			buildConfigurations = (
				164B8AF215DDBD1D0074D85E /* Debug */,
				164B8AF315DDBD1D0074D85E /* Release */,
			);
			defaultConfigurationIsVisible = 0;
			defaultConfigurationName = Release;
		};
		164B8AF415DDBD1D0074D85E /* Build configuration list for PBXNativeTarget "RunLikeHell" */ = {
			isa = XCConfigurationList;
			buildConfigurations = (
				164B8AF515DDBD1D0074D85E /* Debug */,
				164B8AF615DDBD1D0074D85E /* Release */,
			);
			defaultConfigurationIsVisible = 0;
			defaultConfigurationName = Release;
		};
/* End XCConfigurationList section */
	};
	rootObject = 164B8ACD15DDBD1D0074D85E /* Project object */;
}
